
Microsoft Visual Studio Solution File, Format Version 12.00
# Visual Studio Version 17
VisualStudioVersion = 17.1.32228.430
MinimumVisualStudioVersion = 10.0.40219.1
Project("{FAE04EC0-301F-11D3-BF4B-00C04F79EFBC}") = "IdentificarMes", "IdentificarMes\IdentificarMes.csproj", "{046DDB0C-64A9-4D99-ACA0-6D2E8C1BED1F}"
EndProject
Global
	GlobalSection(SolutionConfigurationPlatforms) = preSolution
		Debug|Any CPU = Debug|Any CPU
		Release|Any CPU = Release|Any CPU
	EndGlobalSection
	GlobalSection(ProjectConfigurationPlatforms) = postSolution
		{046DDB0C-64A9-4D99-ACA0-6D2E8C1BED1F}.Debug|Any CPU.ActiveCfg = Debug|Any CPU
		{046DDB0C-64A9-4D99-ACA0-6D2E8C1BED1F}.Debug|Any CPU.Build.0 = Debug|Any CPU
		{046DDB0C-64A9-4D99-ACA0-6D2E8C1BED1F}.Release|Any CPU.ActiveCfg = Release|Any CPU
		{046DDB0C-64A9-4D99-ACA0-6D2E8C1BED1F}.Release|Any CPU.Build.0 = Release|Any CPU
	EndGlobalSection
	GlobalSection(SolutionProperties) = preSolution
		HideSolutionNode = FALSE
	EndGlobalSection
	GlobalSection(ExtensibilityGlobals) = postSolution
		SolutionGuid = {6B58E92F-4B9B-4412-90EA-983E6C0E707B}
	EndGlobalSection
EndGlobal
